
Microsoft Visual Studio Solution File, Format Version 12.00
# Visual Studio Version 17
VisualStudioVersion = 17.14.36109.1 d17.14
MinimumVisualStudioVersion = 10.0.40219.1
Project("{FAE04EC0-301F-11D3-BF4B-00C04F79EFBC}") = "HarmonyPatchChangeParser", "HarmonyPatchChangeParser.csproj", "{C2A80FC3-D405-460A-8499-EAEA9A241939}"
EndProject
Global
	GlobalSection(SolutionConfigurationPlatforms) = preSolution
		Debug|Any CPU = Debug|Any CPU
		Release|Any CPU = Release|Any CPU
	EndGlobalSection
	GlobalSection(ProjectConfigurationPlatforms) = postSolution
		{C2A80FC3-D405-460A-8499-EAEA9A241939}.Debug|Any CPU.ActiveCfg = Debug|Any CPU
		{C2A80FC3-D405-460A-8499-EAEA9A241939}.Debug|Any CPU.Build.0 = Debug|Any CPU
		{C2A80FC3-D405-460A-8499-EAEA9A241939}.Release|Any CPU.ActiveCfg = Release|Any CPU
		{C2A80FC3-D405-460A-8499-EAEA9A241939}.Release|Any CPU.Build.0 = Release|Any CPU
	EndGlobalSection
	GlobalSection(SolutionProperties) = preSolution
		HideSolutionNode = FALSE
	EndGlobalSection
	GlobalSection(ExtensibilityGlobals) = postSolution
		SolutionGuid = {5AA71A10-0511-45C4-9807-BC611F55B026}
	EndGlobalSection
EndGlobal
